// !$*UTF8*$!
{
	archiveVersion = 1;
	classes = {
	};
	objectVersion = 46;
	objects = {

/* Begin PBXBuildFile section */
		4E8205A81EDE667100DEC409 /* main.m in Sources */ = {isa = PBXBuildFile; fileRef = 4E8205A71EDE667100DEC409 /* main.m */; };
		4E8205AB1EDE667100DEC409 /* AppDelegate.m in Sources */ = {isa = PBXBuildFile; fileRef = 4E8205AA1EDE667100DEC409 /* AppDelegate.m */; };
		4E8205AE1EDE667100DEC409 /* ViewController.m in Sources */ = {isa = PBXBuildFile; fileRef = 4E8205AD1EDE667100DEC409 /* ViewController.m */; };
		4E8205B11EDE667100DEC409 /* Main.storyboard in Resources */ = {isa = PBXBuildFile; fileRef = 4E8205AF1EDE667100DEC409 /* Main.storyboard */; };
		4E8205B31EDE667100DEC409 /* Assets.xcassets in Resources */ = {isa = PBXBuildFile; fileRef = 4E8205B21EDE667100DEC409 /* Assets.xcassets */; };
		4E8205B61EDE667100DEC409 /* LaunchScreen.storyboard in Resources */ = {isa = PBXBuildFile; fileRef = 4E8205B41EDE667100DEC409 /* LaunchScreen.storyboard */; };
		4E8205C11EDE667100DEC409 /* PcmRecodTests.m in Sources */ = {isa = PBXBuildFile; fileRef = 4E8205C01EDE667100DEC409 /* PcmRecodTests.m */; };
		4E8205CC1EDE667100DEC409 /* PcmRecodUITests.m in Sources */ = {isa = PBXBuildFile; fileRef = 4E8205CB1EDE667100DEC409 /* PcmRecodUITests.m */; };
/* End PBXBuildFile section */

/* Begin PBXContainerItemProxy section */
		4E8205BD1EDE667100DEC409 /* PBXContainerItemProxy */ = {
			isa = PBXContainerItemProxy;
			containerPortal = 4E82059B1EDE667100DEC409 /* Project object */;
			proxyType = 1;
			remoteGlobalIDString = 4E8205A21EDE667100DEC409;
			remoteInfo = PcmRecod;
		};
		4E8205C81EDE667100DEC409 /* PBXContainerItemProxy */ = {
			isa = PBXContainerItemProxy;
			containerPortal = 4E82059B1EDE667100DEC409 /* Project object */;
			proxyType = 1;
			remoteGlobalIDString = 4E8205A21EDE667100DEC409;
			remoteInfo = PcmRecod;
		};
/* End PBXContainerItemProxy section */

/* Begin PBXFileReference section */
		4E8205A31EDE667100DEC409 /* PcmRecod.app */ = {isa = PBXFileReference; explicitFileType = wrapper.application; includeInIndex = 0; path = PcmRecod.app; sourceTree = BUILT_PRODUCTS_DIR; };
		4E8205A71EDE667100DEC409 /* main.m */ = {isa = PBXFileReference; lastKnownFileType = sourcecode.c.objc; path = main.m; sourceTree = "<group>"; };
		4E8205A91EDE667100DEC409 /* AppDelegate.h */ = {isa = PBXFileReference; lastKnownFileType = sourcecode.c.h; path = AppDelegate.h; sourceTree = "<group>"; };
		4E8205AA1EDE667100DEC409 /* AppDelegate.m */ = {isa = PBXFileReference; lastKnownFileType = sourcecode.c.objc; path = AppDelegate.m; sourceTree = "<group>"; };
		4E8205AC1EDE667100DEC409 /* ViewController.h */ = {isa = PBXFileReference; lastKnownFileType = sourcecode.c.h; path = ViewController.h; sourceTree = "<group>"; };
		4E8205AD1EDE667100DEC409 /* ViewController.m */ = {isa = PBXFileReference; lastKnownFileType = sourcecode.c.objc; path = ViewController.m; sourceTree = "<group>"; };
		4E8205B01EDE667100DEC409 /* Base */ = {isa = PBXFileReference; lastKnownFileType = file.storyboard; name = Base; path = Base.lproj/Main.storyboard; sourceTree = "<group>"; };
		4E8205B21EDE667100DEC409 /* Assets.xcassets */ = {isa = PBXFileReference; lastKnownFileType = folder.assetcatalog; path = Assets.xcassets; sourceTree = "<group>"; };
		4E8205B51EDE667100DEC409 /* Base */ = {isa = PBXFileReference; lastKnownFileType = file.storyboard; name = Base; path = Base.lproj/LaunchScreen.storyboard; sourceTree = "<group>"; };
		4E8205B71EDE667100DEC409 /* Info.plist */ = {isa = PBXFileReference; lastKnownFileType = text.plist.xml; path = Info.plist; sourceTree = "<group>"; };
		4E8205BC1EDE667100DEC409 /* PcmRecodTests.xctest */ = {isa = PBXFileReference; explicitFileType = wrapper.cfbundle; includeInIndex = 0; path = PcmRecodTests.xctest; sourceTree = BUILT_PRODUCTS_DIR; };
		4E8205C01EDE667100DEC409 /* PcmRecodTests.m */ = {isa = PBXFileReference; lastKnownFileType = sourcecode.c.objc; path = PcmRecodTests.m; sourceTree = "<group>"; };
		4E8205C21EDE667100DEC409 /* Info.plist */ = {isa = PBXFileReference; lastKnownFileType = text.plist.xml; path = Info.plist; sourceTree = "<group>"; };
		4E8205C71EDE667100DEC409 /* PcmRecodUITests.xctest */ = {isa = PBXFileReference; explicitFileType = wrapper.cfbundle; includeInIndex = 0; path = PcmRecodUITests.xctest; sourceTree = BUILT_PRODUCTS_DIR; };
		4E8205CB1EDE667100DEC409 /* PcmRecodUITests.m */ = {isa = PBXFileReference; lastKnownFileType = sourcecode.c.objc; path = PcmRecodUITests.m; sourceTree = "<group>"; };
		4E8205CD1EDE667100DEC409 /* Info.plist */ = {isa = PBXFileReference; lastKnownFileType = text.plist.xml; path = Info.plist; sourceTree = "<group>"; };
/* End PBXFileReference section */

/* Begin PBXFrameworksBuildPhase section */
		4E8205A01EDE667100DEC409 /* Frameworks */ = {
			isa = PBXFrameworksBuildPhase;
			buildActionMask = 2147483647;
			files = (
			);
			runOnlyForDeploymentPostprocessing = 0;
		};
		4E8205B91EDE667100DEC409 /* Frameworks */ = {
			isa = PBXFrameworksBuildPhase;
			buildActionMask = 2147483647;
			files = (
			);
			runOnlyForDeploymentPostprocessing = 0;
		};
		4E8205C41EDE667100DEC409 /* Frameworks */ = {
			isa = PBXFrameworksBuildPhase;
			buildActionMask = 2147483647;
			files = (
			);
			runOnlyForDeploymentPostprocessing = 0;
		};
/* End PBXFrameworksBuildPhase section */

/* Begin PBXGroup section */
		4E82059A1EDE667100DEC409 = {
			isa = PBXGroup;
			children = (
				4E8205A51EDE667100DEC409 /* PcmRecod */,
				4E8205BF1EDE667100DEC409 /* PcmRecodTests */,
				4E8205CA1EDE667100DEC409 /* PcmRecodUITests */,
				4E8205A41EDE667100DEC409 /* Products */,
			);
			sourceTree = "<group>";
		};
		4E8205A41EDE667100DEC409 /* Products */ = {
			isa = PBXGroup;
			children = (
				4E8205A31EDE667100DEC409 /* PcmRecod.app */,
				4E8205BC1EDE667100DEC409 /* PcmRecodTests.xctest */,
				4E8205C71EDE667100DEC409 /* PcmRecodUITests.xctest */,
			);
			name = Products;
			sourceTree = "<group>";
		};
		4E8205A51EDE667100DEC409 /* PcmRecod */ = {
			isa = PBXGroup;
			children = (
				4E8205A91EDE667100DEC409 /* AppDelegate.h */,
				4E8205AA1EDE667100DEC409 /* AppDelegate.m */,
				4E8205AC1EDE667100DEC409 /* ViewController.h */,
				4E8205AD1EDE667100DEC409 /* ViewController.m */,
				4E8205AF1EDE667100DEC409 /* Main.storyboard */,
				4E8205B21EDE667100DEC409 /* Assets.xcassets */,
				4E8205B41EDE667100DEC409 /* LaunchScreen.storyboard */,
				4E8205B71EDE667100DEC409 /* Info.plist */,
				4E8205A61EDE667100DEC409 /* Supporting Files */,
			);
			path = PcmRecod;
			sourceTree = "<group>";
		};
		4E8205A61EDE667100DEC409 /* Supporting Files */ = {
			isa = PBXGroup;
			children = (
				4E8205A71EDE667100DEC409 /* main.m */,
			);
			name = "Supporting Files";
			sourceTree = "<group>";
		};
		4E8205BF1EDE667100DEC409 /* PcmRecodTests */ = {
			isa = PBXGroup;
			children = (
				4E8205C01EDE667100DEC409 /* PcmRecodTests.m */,
				4E8205C21EDE667100DEC409 /* Info.plist */,
			);
			path = PcmRecodTests;
			sourceTree = "<group>";
		};
		4E8205CA1EDE667100DEC409 /* PcmRecodUITests */ = {
			isa = PBXGroup;
			children = (
				4E8205CB1EDE667100DEC409 /* PcmRecodUITests.m */,
				4E8205CD1EDE667100DEC409 /* Info.plist */,
			);
			path = PcmRecodUITests;
			sourceTree = "<group>";
		};
/* End PBXGroup section */

/* Begin PBXNativeTarget section */
		4E8205A21EDE667100DEC409 /* PcmRecod */ = {
			isa = PBXNativeTarget;
			buildConfigurationList = 4E8205D01EDE667100DEC409 /* Build configuration list for PBXNativeTarget "PcmRecod" */;
			buildPhases = (
				4E82059F1EDE667100DEC409 /* Sources */,
				4E8205A01EDE667100DEC409 /* Frameworks */,
				4E8205A11EDE667100DEC409 /* Resources */,
			);
			buildRules = (
			);
			dependencies = (
			);
			name = PcmRecod;
			productName = PcmRecod;
			productReference = 4E8205A31EDE667100DEC409 /* PcmRecod.app */;
			productType = "com.apple.product-type.application";
		};
		4E8205BB1EDE667100DEC409 /* PcmRecodTests */ = {
			isa = PBXNativeTarget;
			buildConfigurationList = 4E8205D31EDE667100DEC409 /* Build configuration list for PBXNativeTarget "PcmRecodTests" */;
			buildPhases = (
				4E8205B81EDE667100DEC409 /* Sources */,
				4E8205B91EDE667100DEC409 /* Frameworks */,
				4E8205BA1EDE667100DEC409 /* Resources */,
			);
			buildRules = (
			);
			dependencies = (
				4E8205BE1EDE667100DEC409 /* PBXTargetDependency */,
			);
			name = PcmRecodTests;
			productName = PcmRecodTests;
			productReference = 4E8205BC1EDE667100DEC409 /* PcmRecodTests.xctest */;
			productType = "com.apple.product-type.bundle.unit-test";
		};
		4E8205C61EDE667100DEC409 /* PcmRecodUITests */ = {
			isa = PBXNativeTarget;
			buildConfigurationList = 4E8205D61EDE667100DEC409 /* Build configuration list for PBXNativeTarget "PcmRecodUITests" */;
			buildPhases = (
				4E8205C31EDE667100DEC409 /* Sources */,
				4E8205C41EDE667100DEC409 /* Frameworks */,
				4E8205C51EDE667100DEC409 /* Resources */,
			);
			buildRules = (
			);
			dependencies = (
				4E8205C91EDE667100DEC409 /* PBXTargetDependency */,
			);
			name = PcmRecodUITests;
			productName = PcmRecodUITests;
			productReference = 4E8205C71EDE667100DEC409 /* PcmRecodUITests.xctest */;
			productType = "com.apple.product-type.bundle.ui-testing";
		};
/* End PBXNativeTarget section */

/* Begin PBXProject section */
		4E82059B1EDE667100DEC409 /* Project object */ = {
			isa = PBXProject;
			attributes = {
				LastUpgradeCheck = 0830;
				ORGANIZATIONNAME = "Ruiwen Feng";
				TargetAttributes = {
					4E8205A21EDE667100DEC409 = {
						CreatedOnToolsVersion = 8.3.2;
						DevelopmentTeam = 5E8LWHA5V7;
						ProvisioningStyle = Automatic;
					};
					4E8205BB1EDE667100DEC409 = {
						CreatedOnToolsVersion = 8.3.2;
						DevelopmentTeam = 5E8LWHA5V7;
						ProvisioningStyle = Automatic;
						TestTargetID = 4E8205A21EDE667100DEC409;
					};
					4E8205C61EDE667100DEC409 = {
						CreatedOnToolsVersion = 8.3.2;
						DevelopmentTeam = 5E8LWHA5V7;
						ProvisioningStyle = Automatic;
						TestTargetID = 4E8205A21EDE667100DEC409;
					};
				};
			};
			buildConfigurationList = 4E82059E1EDE667100DEC409 /* Build configuration list for PBXProject "PcmRecod" */;
			compatibilityVersion = "Xcode 3.2";
			developmentRegion = English;
			hasScannedForEncodings = 0;
			knownRegions = (
				en,
				Base,
			);
			mainGroup = 4E82059A1EDE667100DEC409;
			productRefGroup = 4E8205A41EDE667100DEC409 /* Products */;
			projectDirPath = "";
			projectRoot = "";
			targets = (
				4E8205A21EDE667100DEC409 /* PcmRecod */,
				4E8205BB1EDE667100DEC409 /* PcmRecodTests */,
				4E8205C61EDE667100DEC409 /* PcmRecodUITests */,
			);
		};
/* End PBXProject section */

/* Begin PBXResourcesBuildPhase section */
		4E8205A11EDE667100DEC409 /* Resources */ = {
			isa = PBXResourcesBuildPhase;
			buildActionMask = 2147483647;
			files = (
				4E8205B61EDE667100DEC409 /* LaunchScreen.storyboard in Resources */,
				4E8205B31EDE667100DEC409 /* Assets.xcassets in Resources */,
				4E8205B11EDE667100DEC409 /* Main.storyboard in Resources */,
			);
			runOnlyForDeploymentPostprocessing = 0;
		};
		4E8205BA1EDE667100DEC409 /* Resources */ = {
			isa = PBXResourcesBuildPhase;
			buildActionMask = 2147483647;
			files = (
			);
			runOnlyForDeploymentPostprocessing = 0;
		};
		4E8205C51EDE667100DEC409 /* Resources */ = {
			isa = PBXResourcesBuildPhase;
			buildActionMask = 2147483647;
			files = (
			);
			runOnlyForDeploymentPostprocessing = 0;
		};
/* End PBXResourcesBuildPhase section */

/* Begin PBXSourcesBuildPhase section */
		4E82059F1EDE667100DEC409 /* Sources */ = {
			isa = PBXSourcesBuildPhase;
			buildActionMask = 2147483647;
			files = (
				4E8205AE1EDE667100DEC409 /* ViewController.m in Sources */,
				4E8205AB1EDE667100DEC409 /* AppDelegate.m in Sources */,
				4E8205A81EDE667100DEC409 /* main.m in Sources */,
			);
			runOnlyForDeploymentPostprocessing = 0;
		};
		4E8205B81EDE667100DEC409 /* Sources */ = {
			isa = PBXSourcesBuildPhase;
			buildActionMask = 2147483647;
			files = (
				4E8205C11EDE667100DEC409 /* PcmRecodTests.m in Sources */,
			);
			runOnlyForDeploymentPostprocessing = 0;
		};
		4E8205C31EDE667100DEC409 /* Sources */ = {
			isa = PBXSourcesBuildPhase;
			buildActionMask = 2147483647;
			files = (
				4E8205CC1EDE667100DEC409 /* PcmRecodUITests.m in Sources */,
			);
			runOnlyForDeploymentPostprocessing = 0;
		};
/* End PBXSourcesBuildPhase section */

/* Begin PBXTargetDependency section */
		4E8205BE1EDE667100DEC409 /* PBXTargetDependency */ = {
			isa = PBXTargetDependency;
			target = 4E8205A21EDE667100DEC409 /* PcmRecod */;
			targetProxy = 4E8205BD1EDE667100DEC409 /* PBXContainerItemProxy */;
		};
		4E8205C91EDE667100DEC409 /* PBXTargetDependency */ = {
			isa = PBXTargetDependency;
			target = 4E8205A21EDE667100DEC409 /* PcmRecod */;
			targetProxy = 4E8205C81EDE667100DEC409 /* PBXContainerItemProxy */;
		};
/* End PBXTargetDependency section */

/* Begin PBXVariantGroup section */
		4E8205AF1EDE667100DEC409 /* Main.storyboard */ = {
			isa = PBXVariantGroup;
			children = (
				4E8205B01EDE667100DEC409 /* Base */,
			);
			name = Main.storyboard;
			sourceTree = "<group>";
		};
		4E8205B41EDE667100DEC409 /* LaunchScreen.storyboard */ = {
			isa = PBXVariantGroup;
			children = (
				4E8205B51EDE667100DEC409 /* Base */,
			);
			name = LaunchScreen.storyboard;
			sourceTree = "<group>";
		};
/* End PBXVariantGroup section */

/* Begin XCBuildConfiguration section */
		4E8205CE1EDE667100DEC409 /* Debug */ = {
			isa = XCBuildConfiguration;
			buildSettings = {
				ALWAYS_SEARCH_USER_PATHS = NO;
				CLANG_ANALYZER_NONNULL = YES;
				CLANG_ANALYZER_NUMBER_OBJECT_CONVERSION = YES_AGGRESSIVE;
				CLANG_CXX_LANGUAGE_STANDARD = "gnu++0x";
				CLANG_CXX_LIBRARY = "libc++";
				CLANG_ENABLE_MODULES = YES;
				CLANG_ENABLE_OBJC_ARC = YES;
				CLANG_WARN_BOOL_CONVERSION = YES;
				CLANG_WARN_CONSTANT_CONVERSION = YES;
				CLANG_WARN_DIRECT_OBJC_ISA_USAGE = YES_ERROR;
				CLANG_WARN_DOCUMENTATION_COMMENTS = YES;
				CLANG_WARN_EMPTY_BODY = YES;
				CLANG_WARN_ENUM_CONVERSION = YES;
				CLANG_WARN_INFINITE_RECURSION = YES;
				CLANG_WARN_INT_CONVERSION = YES;
				CLANG_WARN_OBJC_ROOT_CLASS = YES_ERROR;
				CLANG_WARN_SUSPICIOUS_MOVE = YES;
				CLANG_WARN_UNREACHABLE_CODE = YES;
				CLANG_WARN__DUPLICATE_METHOD_MATCH = YES;
				"CODE_SIGN_IDENTITY[sdk=iphoneos*]" = "iPhone Developer";
				COPY_PHASE_STRIP = NO;
				DEBUG_INFORMATION_FORMAT = dwarf;
				ENABLE_STRICT_OBJC_MSGSEND = YES;
				ENABLE_TESTABILITY = YES;
				GCC_C_LANGUAGE_STANDARD = gnu99;
				GCC_DYNAMIC_NO_PIC = NO;
				GCC_NO_COMMON_BLOCKS = YES;
				GCC_OPTIMIZATION_LEVEL = 0;
				GCC_PREPROCESSOR_DEFINITIONS = (
					"DEBUG=1",
					"$(inherited)",
				);
				GCC_WARN_64_TO_32_BIT_CONVERSION = YES;
				GCC_WARN_ABOUT_RETURN_TYPE = YES_ERROR;
				GCC_WARN_UNDECLARED_SELECTOR = YES;
				GCC_WARN_UNINITIALIZED_AUTOS = YES_AGGRESSIVE;
				GCC_WARN_UNUSED_FUNCTION = YES;
				GCC_WARN_UNUSED_VARIABLE = YES;
				IPHONEOS_DEPLOYMENT_TARGET = 10.3;
				MTL_ENABLE_DEBUG_INFO = YES;
				ONLY_ACTIVE_ARCH = YES;
				SDKROOT = iphoneos;
			};
			name = Debug;
		};
		4E8205CF1EDE667100DEC409 /* Release */ = {
			isa = XCBuildConfiguration;
			buildSettings = {
				ALWAYS_SEARCH_USER_PATHS = NO;
				CLANG_ANALYZER_NONNULL = YES;
				CLANG_ANALYZER_NUMBER_OBJECT_CONVERSION = YES_AGGRESSIVE;
				CLANG_CXX_LANGUAGE_STANDARD = "gnu++0x";
				CLANG_CXX_LIBRARY = "libc++";
				CLANG_ENABLE_MODULES = YES;
				CLANG_ENABLE_OBJC_ARC = YES;
				CLANG_WARN_BOOL_CONVERSION = YES;
				CLANG_WARN_CONSTANT_CONVERSION = YES;
				CLANG_WARN_DIRECT_OBJC_ISA_USAGE = YES_ERROR;
				CLANG_WARN_DOCUMENTATION_COMMENTS = YES;
				CLANG_WARN_EMPTY_BODY = YES;
				CLANG_WARN_ENUM_CONVERSION = YES;
				CLANG_WARN_INFINITE_RECURSION = YES;
				CLANG_WARN_INT_CONVERSION = YES;
				CLANG_WARN_OBJC_ROOT_CLASS = YES_ERROR;
				CLANG_WARN_SUSPICIOUS_MOVE = YES;
				CLANG_WARN_UNREACHABLE_CODE = YES;
				CLANG_WARN__DUPLICATE_METHOD_MATCH = YES;
				"CODE_SIGN_IDENTITY[sdk=iphoneos*]" = "iPhone Developer";
				COPY_PHASE_STRIP = NO;
				DEBUG_INFORMATION_FORMAT = "dwarf-with-dsym";
				ENABLE_NS_ASSERTIONS = NO;
				ENABLE_STRICT_OBJC_MSGSEND = YES;
				GCC_C_LANGUAGE_STANDARD = gnu99;
				GCC_NO_COMMON_BLOCKS = YES;
				GCC_WARN_64_TO_32_BIT_CONVERSION = YES;
				GCC_WARN_ABOUT_RETURN_TYPE = YES_ERROR;
				GCC_WARN_UNDECLARED_SELECTOR = YES;
				GCC_WARN_UNINITIALIZED_AUTOS = YES_AGGRESSIVE;
				GCC_WARN_UNUSED_FUNCTION = YES;
				GCC_WARN_UNUSED_VARIABLE = YES;
				IPHONEOS_DEPLOYMENT_TARGET = 10.3;
				MTL_ENABLE_DEBUG_INFO = NO;
				SDKROOT = iphoneos;
				VALIDATE_PRODUCT = YES;
			};
			name = Release;
		};
		4E8205D11EDE667100DEC409 /* Debug */ = {
			isa = XCBuildConfiguration;
			buildSettings = {
				ASSETCATALOG_COMPILER_APPICON_NAME = AppIcon;
				DEVELOPMENT_TEAM = 5E8LWHA5V7;
				INFOPLIST_FILE = PcmRecod/Info.plist;
				LD_RUNPATH_SEARCH_PATHS = "$(inherited) @executable_path/Frameworks";
				PRODUCT_BUNDLE_IDENTIFIER = mihua.PcmRecod;
				PRODUCT_NAME = "$(TARGET_NAME)";
			};
			name = Debug;
		};
		4E8205D21EDE667100DEC409 /* Release */ = {
			isa = XCBuildConfiguration;
			buildSettings = {
				ASSETCATALOG_COMPILER_APPICON_NAME = AppIcon;
				DEVELOPMENT_TEAM = 5E8LWHA5V7;
				INFOPLIST_FILE = PcmRecod/Info.plist;
				LD_RUNPATH_SEARCH_PATHS = "$(inherited) @executable_path/Frameworks";
				PRODUCT_BUNDLE_IDENTIFIER = mihua.PcmRecod;
				PRODUCT_NAME = "$(TARGET_NAME)";
			};
			name = Release;
		};
		4E8205D41EDE667100DEC409 /* Debug */ = {
			isa = XCBuildConfiguration;
			buildSettings = {
				BUNDLE_LOADER = "$(TEST_HOST)";
				DEVELOPMENT_TEAM = 5E8LWHA5V7;
				INFOPLIST_FILE = PcmRecodTests/Info.plist;
				LD_RUNPATH_SEARCH_PATHS = "$(inherited) @executable_path/Frameworks @loader_path/Frameworks";
				PRODUCT_BUNDLE_IDENTIFIER = mihua.PcmRecodTests;
				PRODUCT_NAME = "$(TARGET_NAME)";
				TEST_HOST = "$(BUILT_PRODUCTS_DIR)/PcmRecod.app/PcmRecod";
			};
			name = Debug;
		};
		4E8205D51EDE667100DEC409 /* Release */ = {
			isa = XCBuildConfiguration;
			buildSettings = {
				BUNDLE_LOADER = "$(TEST_HOST)";
				DEVELOPMENT_TEAM = 5E8LWHA5V7;
				INFOPLIST_FILE = PcmRecodTests/Info.plist;
				LD_RUNPATH_SEARCH_PATHS = "$(inherited) @executable_path/Frameworks @loader_path/Frameworks";
				PRODUCT_BUNDLE_IDENTIFIER = mihua.PcmRecodTests;
				PRODUCT_NAME = "$(TARGET_NAME)";
				TEST_HOST = "$(BUILT_PRODUCTS_DIR)/PcmRecod.app/PcmRecod";
			};
			name = Release;
		};
		4E8205D71EDE667100DEC409 /* Debug */ = {
			isa = XCBuildConfiguration;
			buildSettings = {
				DEVELOPMENT_TEAM = 5E8LWHA5V7;
				INFOPLIST_FILE = PcmRecodUITests/Info.plist;
				LD_RUNPATH_SEARCH_PATHS = "$(inherited) @executable_path/Frameworks @loader_path/Frameworks";
				PRODUCT_BUNDLE_IDENTIFIER = mihua.PcmRecodUITests;
				PRODUCT_NAME = "$(TARGET_NAME)";
				TEST_TARGET_NAME = PcmRecod;
			};
			name = Debug;
		};
		4E8205D81EDE667100DEC409 /* Release */ = {
			isa = XCBuildConfiguration;
			buildSettings = {
				DEVELOPMENT_TEAM = 5E8LWHA5V7;
				INFOPLIST_FILE = PcmRecodUITests/Info.plist;
				LD_RUNPATH_SEARCH_PATHS = "$(inherited) @executable_path/Frameworks @loader_path/Frameworks";
				PRODUCT_BUNDLE_IDENTIFIER = mihua.PcmRecodUITests;
				PRODUCT_NAME = "$(TARGET_NAME)";
				TEST_TARGET_NAME = PcmRecod;
			};
			name = Release;
		};
/* End XCBuildConfiguration section */

/* Begin XCConfigurationList section */
		4E82059E1EDE667100DEC409 /* Build configuration list for PBXProject "PcmRecod" */ = {
			isa = XCConfigurationList;
			buildConfigurations = (
				4E8205CE1EDE667100DEC409 /* Debug */,
				4E8205CF1EDE667100DEC409 /* Release */,
			);
			defaultConfigurationIsVisible = 0;
			defaultConfigurationName = Release;
		};
		4E8205D01EDE667100DEC409 /* Build configuration list for PBXNativeTarget "PcmRecod" */ = {
			isa = XCConfigurationList;
			buildConfigurations = (
				4E8205D11EDE667100DEC409 /* Debug */,
				4E8205D21EDE667100DEC409 /* Release */,
			);
			defaultConfigurationIsVisible = 0;
		};
		4E8205D31EDE667100DEC409 /* Build configuration list for PBXNativeTarget "PcmRecodTests" */ = {
			isa = XCConfigurationList;
			buildConfigurations = (
				4E8205D41EDE667100DEC409 /* Debug */,
				4E8205D51EDE667100DEC409 /* Release */,
			);
			defaultConfigurationIsVisible = 0;
		};
		4E8205D61EDE667100DEC409 /* Build configuration list for PBXNativeTarget "PcmRecodUITests" */ = {
			isa = XCConfigurationList;
			buildConfigurations = (
				4E8205D71EDE667100DEC409 /* Debug */,
				4E8205D81EDE667100DEC409 /* Release */,
			);
			defaultConfigurationIsVisible = 0;
		};
/* End XCConfigurationList section */
	};
	rootObject = 4E82059B1EDE667100DEC409 /* Project object */;
}
